
Microsoft Visual Studio Solution File, Format Version 10.00
# Visual Studio 2008
Project("{8BC9CEB8-8B4A-11D0-8D11-00A0C91BC942}") = "MET", "MET.vcproj", "{723A1822-7FE5-466B-9241-9073C3A55ECE}"
EndProject
Project("{FAE04EC0-301F-11D3-BF4B-00C04F79EFBC}") = "Sample", "..\Sample\Sample.csproj", "{98B7C996-E775-486D-B4E2-5581492EA0EC}"
EndProject
Global
	GlobalSection(SolutionConfigurationPlatforms) = preSolution
		Debug|Any CPU = Debug|Any CPU
		Debug|Mixed Platforms = Debug|Mixed Platforms
		Debug|Win32 = Debug|Win32
		Release|Any CPU = Release|Any CPU
		Release|Mixed Platforms = Release|Mixed Platforms
		Release|Win32 = Release|Win32
	EndGlobalSection
	GlobalSection(ProjectConfigurationPlatforms) = postSolution
		{723A1822-7FE5-466B-9241-9073C3A55ECE}.Debug|Any CPU.ActiveCfg = Debug|Win32
		{723A1822-7FE5-466B-9241-9073C3A55ECE}.Debug|Mixed Platforms.ActiveCfg = Debug|Win32
		{723A1822-7FE5-466B-9241-9073C3A55ECE}.Debug|Mixed Platforms.Build.0 = Debug|Win32
		{723A1822-7FE5-466B-9241-9073C3A55ECE}.Debug|Win32.ActiveCfg = Debug|Win32
		{723A1822-7FE5-466B-9241-9073C3A55ECE}.Debug|Win32.Build.0 = Debug|Win32
		{723A1822-7FE5-466B-9241-9073C3A55ECE}.Release|Any CPU.ActiveCfg = Release|Win32
		{723A1822-7FE5-466B-9241-9073C3A55ECE}.Release|Mixed Platforms.ActiveCfg = Release|Win32
		{723A1822-7FE5-466B-9241-9073C3A55ECE}.Release|Mixed Platforms.Build.0 = Release|Win32
		{723A1822-7FE5-466B-9241-9073C3A55ECE}.Release|Win32.ActiveCfg = Release|Win32
		{723A1822-7FE5-466B-9241-9073C3A55ECE}.Release|Win32.Build.0 = Release|Win32
		{98B7C996-E775-486D-B4E2-5581492EA0EC}.Debug|Any CPU.ActiveCfg = Debug|Any CPU
		{98B7C996-E775-486D-B4E2-5581492EA0EC}.Debug|Any CPU.Build.0 = Debug|Any CPU
		{98B7C996-E775-486D-B4E2-5581492EA0EC}.Debug|Mixed Platforms.ActiveCfg = Debug|Any CPU
		{98B7C996-E775-486D-B4E2-5581492EA0EC}.Debug|Mixed Platforms.Build.0 = Debug|Any CPU
		{98B7C996-E775-486D-B4E2-5581492EA0EC}.Debug|Win32.ActiveCfg = Debug|x86
		{98B7C996-E775-486D-B4E2-5581492EA0EC}.Release|Any CPU.ActiveCfg = Release|Any CPU
		{98B7C996-E775-486D-B4E2-5581492EA0EC}.Release|Any CPU.Build.0 = Release|Any CPU
		{98B7C996-E775-486D-B4E2-5581492EA0EC}.Release|Mixed Platforms.ActiveCfg = Release|Any CPU
		{98B7C996-E775-486D-B4E2-5581492EA0EC}.Release|Mixed Platforms.Build.0 = Release|Any CPU
		{98B7C996-E775-486D-B4E2-5581492EA0EC}.Release|Win32.ActiveCfg = Release|x86
	EndGlobalSection
	GlobalSection(SolutionProperties) = preSolution
		HideSolutionNode = FALSE
	EndGlobalSection
EndGlobal
